
Microsoft Visual Studio Solution File, Format Version 12.00
# Visual Studio Version 17
VisualStudioVersion = 17.12.35707.178 d17.12
MinimumVisualStudioVersion = 10.0.40219.1
Project("{FAE04EC0-301F-11D3-BF4B-00C04F79EFBC}") = "poe", "poe.csproj", "{E47D4A25-8589-4997-A7B5-4142C8B96A60}"
EndProject
Global
	GlobalSection(SolutionConfigurationPlatforms) = preSolution
		Debug|Any CPU = Debug|Any CPU
		Release|Any CPU = Release|Any CPU
	EndGlobalSection
	GlobalSection(ProjectConfigurationPlatforms) = postSolution
		{E47D4A25-8589-4997-A7B5-4142C8B96A60}.Debug|Any CPU.ActiveCfg = Debug|Any CPU
		{E47D4A25-8589-4997-A7B5-4142C8B96A60}.Debug|Any CPU.Build.0 = Debug|Any CPU
		{E47D4A25-8589-4997-A7B5-4142C8B96A60}.Release|Any CPU.ActiveCfg = Release|Any CPU
		{E47D4A25-8589-4997-A7B5-4142C8B96A60}.Release|Any CPU.Build.0 = Release|Any CPU
	EndGlobalSection
	GlobalSection(SolutionProperties) = preSolution
		HideSolutionNode = FALSE
	EndGlobalSection
EndGlobal
